<Solution>
  <Folder Name="/Solution Items/">
    <File Path=".gitignore" />
    <File Path="readme.md" />
  </Folder>
  <Project Path="CarvedRock.Agent/CarvedRock.Agent.csproj" />
  <Project Path="CarvedRock.Api/CarvedRock.Api.csproj" />
  <Project Path="CarvedRock.AppHost/CarvedRock.AppHost.csproj" />
  <Project Path="CarvedRock.Core/CarvedRock.Core.csproj" />
  <Project Path="CarvedRock.Data/CarvedRock.Data.csproj" />
  <Project Path="CarvedRock.Domain/CarvedRock.Domain.csproj" />
  <Project Path="CarvedRock.Mcp/CarvedRock.Mcp.csproj" />
  <Project Path="CarvedRock.ServiceDefaults/CarvedRock.ServiceDefaults.csproj" />
  <Project Path="CarvedRock.WebApp/CarvedRock.WebApp.csproj" />
  <Project Path="MailKit.Client/MailKit.Client.csproj" />
</Solution>
